
Microsoft Visual Studio Solution File, Format Version 12.00
# Visual Studio Version 17
VisualStudioVersion = 17.4.33213.308
MinimumVisualStudioVersion = 10.0.40219.1
Project("{FAE04EC0-301F-11D3-BF4B-00C04F79EFBC}") = "Employee-login-System", "Employee-login-System\Employee-login-System.csproj", "{55D4B970-8F21-440A-B6AD-DBE0BCB9645E}"
EndProject
Global
	GlobalSection(SolutionConfigurationPlatforms) = preSolution
		Debug|Any CPU = Debug|Any CPU
		Release|Any CPU = Release|Any CPU
	EndGlobalSection
	GlobalSection(ProjectConfigurationPlatforms) = postSolution
		{55D4B970-8F21-440A-B6AD-DBE0BCB9645E}.Debug|Any CPU.ActiveCfg = Debug|Any CPU
		{55D4B970-8F21-440A-B6AD-DBE0BCB9645E}.Debug|Any CPU.Build.0 = Debug|Any CPU
		{55D4B970-8F21-440A-B6AD-DBE0BCB9645E}.Release|Any CPU.ActiveCfg = Release|Any CPU
		{55D4B970-8F21-440A-B6AD-DBE0BCB9645E}.Release|Any CPU.Build.0 = Release|Any CPU
	EndGlobalSection
	GlobalSection(SolutionProperties) = preSolution
		HideSolutionNode = FALSE
	EndGlobalSection
	GlobalSection(ExtensibilityGlobals) = postSolution
		SolutionGuid = {9B80C88F-2A5F-4BB4-8E2C-CEA1D5222CB5}
	EndGlobalSection
EndGlobal
